
Microsoft Visual Studio Solution File, Format Version 12.00
# Visual Studio Version 17
VisualStudioVersion = 17.0.31912.275
MinimumVisualStudioVersion = 10.0.40219.1
Project("{9A19103F-16F7-4668-BE54-9A1E7A4F7556}") = "Base", "..\Base\Base\Base.csproj", "{B6B3FA51-673F-4408-A1AD-108C87C6389F}"
EndProject
Project("{9A19103F-16F7-4668-BE54-9A1E7A4F7556}") = "BaoCron", "BaoCron.csproj", "{5D42F39C-2DDE-4C42-A9AB-B12816602EC1}"
EndProject
Project("{9A19103F-16F7-4668-BE54-9A1E7A4F7556}") = "BaoLib", "..\BaoLib\BaoLib.csproj", "{FD9EADD1-FF0E-4B17-9C02-AE7C95A580DF}"
EndProject
Global
	GlobalSection(SolutionConfigurationPlatforms) = preSolution
		Debug|Any CPU = Debug|Any CPU
		Release|Any CPU = Release|Any CPU
	EndGlobalSection
	GlobalSection(ProjectConfigurationPlatforms) = postSolution
		{B6B3FA51-673F-4408-A1AD-108C87C6389F}.Debug|Any CPU.ActiveCfg = Debug|Any CPU
		{B6B3FA51-673F-4408-A1AD-108C87C6389F}.Debug|Any CPU.Build.0 = Debug|Any CPU
		{B6B3FA51-673F-4408-A1AD-108C87C6389F}.Release|Any CPU.ActiveCfg = Release|Any CPU
		{B6B3FA51-673F-4408-A1AD-108C87C6389F}.Release|Any CPU.Build.0 = Release|Any CPU
		{5D42F39C-2DDE-4C42-A9AB-B12816602EC1}.Debug|Any CPU.ActiveCfg = Debug|Any CPU
		{5D42F39C-2DDE-4C42-A9AB-B12816602EC1}.Debug|Any CPU.Build.0 = Debug|Any CPU
		{5D42F39C-2DDE-4C42-A9AB-B12816602EC1}.Release|Any CPU.ActiveCfg = Release|Any CPU
		{5D42F39C-2DDE-4C42-A9AB-B12816602EC1}.Release|Any CPU.Build.0 = Release|Any CPU
		{FD9EADD1-FF0E-4B17-9C02-AE7C95A580DF}.Debug|Any CPU.ActiveCfg = Debug|Any CPU
		{FD9EADD1-FF0E-4B17-9C02-AE7C95A580DF}.Debug|Any CPU.Build.0 = Debug|Any CPU
		{FD9EADD1-FF0E-4B17-9C02-AE7C95A580DF}.Release|Any CPU.ActiveCfg = Release|Any CPU
		{FD9EADD1-FF0E-4B17-9C02-AE7C95A580DF}.Release|Any CPU.Build.0 = Release|Any CPU
	EndGlobalSection
	GlobalSection(SolutionProperties) = preSolution
		HideSolutionNode = FALSE
	EndGlobalSection
	GlobalSection(ExtensibilityGlobals) = postSolution
		SolutionGuid = {47949EE3-FAAA-464C-9E74-AA05C7F89DC5}
	EndGlobalSection
EndGlobal
